{
  "requires": true,
  "lockfileVersion": 1,
  "dependencies": {
    "ogl": {
      "version": "0.0.76",
      "resolved": "https://registry.npmjs.org/ogl/-/ogl-0.0.76.tgz",
      "integrity": "sha512-bMAfR9ZY7F9Yl/itc4jt3KYakX5X2p4HE08LweIgoLQSbRcgFULGuNcUsWkm4ESRVlP6gclUiy6XtQvFcMvUcg=="
    }
  }
}
